// !$*UTF8*$!
{
	archiveVersion = 1;
	classes = {
	};
	objectVersion = 77;
	objects = {

/* Begin PBXContainerItemProxy section */
		CD1523902FC0AD55007C0913 /* PBXContainerItemProxy */ = {
			isa = PBXContainerItemProxy;
			containerPortal = CD15237A2FC0AD53007C0913 /* Project object */;
			proxyType = 1;
			remoteGlobalIDString = CD1523812FC0AD54007C0913;
			remoteInfo = "ScoreTracker(Bugs)";
		};
		CD15239A2FC0AD55007C0913 /* PBXContainerItemProxy */ = {
			isa = PBXContainerItemProxy;
			containerPortal = CD15237A2FC0AD53007C0913 /* Project object */;
			proxyType = 1;
			remoteGlobalIDString = CD1523812FC0AD54007C0913;
			remoteInfo = "ScoreTracker(Bugs)";
		};
/* End PBXContainerItemProxy section */

/* Begin PBXFileReference section */
		CD1523822FC0AD54007C0913 /* ScoreTracker(Bugs).app */ = {isa = PBXFileReference; explicitFileType = wrapper.application; includeInIndex = 0; path = "ScoreTracker(Bugs).app"; sourceTree = BUILT_PRODUCTS_DIR; };
		CD15238F2FC0AD55007C0913 /* ScoreTracker(Bugs)Tests.xctest */ = {isa = PBXFileReference; explicitFileType = wrapper.cfbundle; includeInIndex = 0; path = "ScoreTracker(Bugs)Tests.xctest"; sourceTree = BUILT_PRODUCTS_DIR; };
		CD1523992FC0AD55007C0913 /* ScoreTracker(Bugs)UITests.xctest */ = {isa = PBXFileReference; explicitFileType = wrapper.cfbundle; includeInIndex = 0; path = "ScoreTracker(Bugs)UITests.xctest"; sourceTree = BUILT_PRODUCTS_DIR; };
/* End PBXFileReference section */

/* Begin PBXFileSystemSynchronizedRootGroup section */
		CD1523842FC0AD54007C0913 /* ScoreTracker(Bugs) */ = {
			isa = PBXFileSystemSynchronizedRootGroup;
			path = "ScoreTracker(Bugs)";
			sourceTree = "<group>";
		};
		CD1523922FC0AD55007C0913 /* ScoreTracker(Bugs)Tests */ = {
			isa = PBXFileSystemSynchronizedRootGroup;
			path = "ScoreTracker(Bugs)Tests";
			sourceTree = "<group>";
		};
		CD15239C2FC0AD55007C0913 /* ScoreTracker(Bugs)UITests */ = {
			isa = PBXFileSystemSynchronizedRootGroup;
			path = "ScoreTracker(Bugs)UITests";
			sourceTree = "<group>";
		};
/* End PBXFileSystemSynchronizedRootGroup section */

/* Begin PBXFrameworksBuildPhase section */
		CD15237F2FC0AD54007C0913 /* Frameworks */ = {
			isa = PBXFrameworksBuildPhase;
			buildActionMask = 2147483647;
			files = (
			);
			runOnlyForDeploymentPostprocessing = 0;
		};
		CD15238C2FC0AD55007C0913 /* Frameworks */ = {
			isa = PBXFrameworksBuildPhase;
			buildActionMask = 2147483647;
			files = (
			);
			runOnlyForDeploymentPostprocessing = 0;
		};
		CD1523962FC0AD55007C0913 /* Frameworks */ = {
			isa = PBXFrameworksBuildPhase;
			buildActionMask = 2147483647;
			files = (
			);
			runOnlyForDeploymentPostprocessing = 0;
		};
/* End PBXFrameworksBuildPhase section */

/* Begin PBXGroup section */
		CD1523792FC0AD53007C0913 = {
			isa = PBXGroup;
			children = (
				CD1523842FC0AD54007C0913 /* ScoreTracker(Bugs) */,
				CD1523922FC0AD55007C0913 /* ScoreTracker(Bugs)Tests */,
				CD15239C2FC0AD55007C0913 /* ScoreTracker(Bugs)UITests */,
				CD1523832FC0AD54007C0913 /* Products */,
			);
			sourceTree = "<group>";
		};
		CD1523832FC0AD54007C0913 /* Products */ = {
			isa = PBXGroup;
			children = (
				CD1523822FC0AD54007C0913 /* ScoreTracker(Bugs).app */,
				CD15238F2FC0AD55007C0913 /* ScoreTracker(Bugs)Tests.xctest */,
				CD1523992FC0AD55007C0913 /* ScoreTracker(Bugs)UITests.xctest */,
			);
			name = Products;
			sourceTree = "<group>";
		};
/* End PBXGroup section */

/* Begin PBXNativeTarget section */
		CD1523812FC0AD54007C0913 /* ScoreTracker(Bugs) */ = {
			isa = PBXNativeTarget;
			buildConfigurationList = CD1523A32FC0AD55007C0913 /* Build configuration list for PBXNativeTarget "ScoreTracker(Bugs)" */;
			buildPhases = (
				CD15237E2FC0AD54007C0913 /* Sources */,
				CD15237F2FC0AD54007C0913 /* Frameworks */,
				CD1523802FC0AD54007C0913 /* Resources */,
			);
			buildRules = (
			);
			dependencies = (
			);
			fileSystemSynchronizedGroups = (
				CD1523842FC0AD54007C0913 /* ScoreTracker(Bugs) */,
			);
			name = "ScoreTracker(Bugs)";
			packageProductDependencies = (
			);
			productName = "ScoreTracker(Bugs)";
			productReference = CD1523822FC0AD54007C0913 /* ScoreTracker(Bugs).app */;
			productType = "com.apple.product-type.application";
		};
		CD15238E2FC0AD55007C0913 /* ScoreTracker(Bugs)Tests */ = {
			isa = PBXNativeTarget;
			buildConfigurationList = CD1523A62FC0AD55007C0913 /* Build configuration list for PBXNativeTarget "ScoreTracker(Bugs)Tests" */;
			buildPhases = (
				CD15238B2FC0AD55007C0913 /* Sources */,
				CD15238C2FC0AD55007C0913 /* Frameworks */,
				CD15238D2FC0AD55007C0913 /* Resources */,
			);
			buildRules = (
			);
			dependencies = (
				CD1523912FC0AD55007C0913 /* PBXTargetDependency */,
			);
			fileSystemSynchronizedGroups = (
				CD1523922FC0AD55007C0913 /* ScoreTracker(Bugs)Tests */,
			);
			name = "ScoreTracker(Bugs)Tests";
			packageProductDependencies = (
			);
			productName = "ScoreTracker(Bugs)Tests";
			productReference = CD15238F2FC0AD55007C0913 /* ScoreTracker(Bugs)Tests.xctest */;
			productType = "com.apple.product-type.bundle.unit-test";
		};
		CD1523982FC0AD55007C0913 /* ScoreTracker(Bugs)UITests */ = {
			isa = PBXNativeTarget;
			buildConfigurationList = CD1523A92FC0AD55007C0913 /* Build configuration list for PBXNativeTarget "ScoreTracker(Bugs)UITests" */;
			buildPhases = (
				CD1523952FC0AD55007C0913 /* Sources */,
				CD1523962FC0AD55007C0913 /* Frameworks */,
				CD1523972FC0AD55007C0913 /* Resources */,
			);
			buildRules = (
			);
			dependencies = (
				CD15239B2FC0AD55007C0913 /* PBXTargetDependency */,
			);
			fileSystemSynchronizedGroups = (
				CD15239C2FC0AD55007C0913 /* ScoreTracker(Bugs)UITests */,
			);
			name = "ScoreTracker(Bugs)UITests";
			packageProductDependencies = (
			);
			productName = "ScoreTracker(Bugs)UITests";
			productReference = CD1523992FC0AD55007C0913 /* ScoreTracker(Bugs)UITests.xctest */;
			productType = "com.apple.product-type.bundle.ui-testing";
		};
/* End PBXNativeTarget section */

/* Begin PBXProject section */
		CD15237A2FC0AD53007C0913 /* Project object */ = {
			isa = PBXProject;
			attributes = {
				BuildIndependentTargetsInParallel = 1;
				LastSwiftUpdateCheck = 1640;
				LastUpgradeCheck = 1640;
				TargetAttributes = {
					CD1523812FC0AD54007C0913 = {
						CreatedOnToolsVersion = 16.4;
					};
					CD15238E2FC0AD55007C0913 = {
						CreatedOnToolsVersion = 16.4;
						TestTargetID = CD1523812FC0AD54007C0913;
					};
					CD1523982FC0AD55007C0913 = {
						CreatedOnToolsVersion = 16.4;
						TestTargetID = CD1523812FC0AD54007C0913;
					};
				};
			};
			buildConfigurationList = CD15237D2FC0AD53007C0913 /* Build configuration list for PBXProject "ScoreTracker(Bugs)" */;
			developmentRegion = en;
			hasScannedForEncodings = 0;
			knownRegions = (
				en,
				Base,
			);
			mainGroup = CD1523792FC0AD53007C0913;
			minimizedProjectReferenceProxies = 1;
			preferredProjectObjectVersion = 77;
			productRefGroup = CD1523832FC0AD54007C0913 /* Products */;
			projectDirPath = "";
			projectRoot = "";
			targets = (
				CD1523812FC0AD54007C0913 /* ScoreTracker(Bugs) */,
				CD15238E2FC0AD55007C0913 /* ScoreTracker(Bugs)Tests */,
				CD1523982FC0AD55007C0913 /* ScoreTracker(Bugs)UITests */,
			);
		};
/* End PBXProject section */

/* Begin PBXResourcesBuildPhase section */
		CD1523802FC0AD54007C0913 /* Resources */ = {
			isa = PBXResourcesBuildPhase;
			buildActionMask = 2147483647;
			files = (
			);
			runOnlyForDeploymentPostprocessing = 0;
		};
		CD15238D2FC0AD55007C0913 /* Resources */ = {
			isa = PBXResourcesBuildPhase;
			buildActionMask = 2147483647;
			files = (
			);
			runOnlyForDeploymentPostprocessing = 0;
		};
		CD1523972FC0AD55007C0913 /* Resources */ = {
			isa = PBXResourcesBuildPhase;
			buildActionMask = 2147483647;
			files = (
			);
			runOnlyForDeploymentPostprocessing = 0;
		};
/* End PBXResourcesBuildPhase section */

/* Begin PBXSourcesBuildPhase section */
		CD15237E2FC0AD54007C0913 /* Sources */ = {
			isa = PBXSourcesBuildPhase;
			buildActionMask = 2147483647;
			files = (
			);
			runOnlyForDeploymentPostprocessing = 0;
		};
		CD15238B2FC0AD55007C0913 /* Sources */ = {
			isa = PBXSourcesBuildPhase;
			buildActionMask = 2147483647;
			files = (
			);
			runOnlyForDeploymentPostprocessing = 0;
		};
		CD1523952FC0AD55007C0913 /* Sources */ = {
			isa = PBXSourcesBuildPhase;
			buildActionMask = 2147483647;
			files = (
			);
			runOnlyForDeploymentPostprocessing = 0;
		};
/* End PBXSourcesBuildPhase section */

/* Begin PBXTargetDependency section */
		CD1523912FC0AD55007C0913 /* PBXTargetDependency */ = {
			isa = PBXTargetDependency;
			target = CD1523812FC0AD54007C0913 /* ScoreTracker(Bugs) */;
			targetProxy = CD1523902FC0AD55007C0913 /* PBXContainerItemProxy */;
		};
		CD15239B2FC0AD55007C0913 /* PBXTargetDependency */ = {
			isa = PBXTargetDependency;
			target = CD1523812FC0AD54007C0913 /* ScoreTracker(Bugs) */;
			targetProxy = CD15239A2FC0AD55007C0913 /* PBXContainerItemProxy */;
		};
/* End PBXTargetDependency section */

/* Begin XCBuildConfiguration section */
		CD1523A12FC0AD55007C0913 /* Debug */ = {
			isa = XCBuildConfiguration;
			buildSettings = {
				ALWAYS_SEARCH_USER_PATHS = NO;
				ASSETCATALOG_COMPILER_GENERATE_SWIFT_ASSET_SYMBOL_EXTENSIONS = YES;
				CLANG_ANALYZER_NONNULL = YES;
				CLANG_ANALYZER_NUMBER_OBJECT_CONVERSION = YES_AGGRESSIVE;
				CLANG_CXX_LANGUAGE_STANDARD = "gnu++20";
				CLANG_ENABLE_MODULES = YES;
				CLANG_ENABLE_OBJC_ARC = YES;
				CLANG_ENABLE_OBJC_WEAK = YES;
				CLANG_WARN_BLOCK_CAPTURE_AUTORELEASING = YES;
				CLANG_WARN_BOOL_CONVERSION = YES;
				CLANG_WARN_COMMA = YES;
				CLANG_WARN_CONSTANT_CONVERSION = YES;
				CLANG_WARN_DEPRECATED_OBJC_IMPLEMENTATIONS = YES;
				CLANG_WARN_DIRECT_OBJC_ISA_USAGE = YES_ERROR;
				CLANG_WARN_DOCUMENTATION_COMMENTS = YES;
				CLANG_WARN_EMPTY_BODY = YES;
				CLANG_WARN_ENUM_CONVERSION = YES;
				CLANG_WARN_INFINITE_RECURSION = YES;
				CLANG_WARN_INT_CONVERSION = YES;
				CLANG_WARN_NON_LITERAL_NULL_CONVERSION = YES;
				CLANG_WARN_OBJC_IMPLICIT_RETAIN_SELF = YES;
				CLANG_WARN_OBJC_LITERAL_CONVERSION = YES;
				CLANG_WARN_OBJC_ROOT_CLASS = YES_ERROR;
				CLANG_WARN_QUOTED_INCLUDE_IN_FRAMEWORK_HEADER = YES;
				CLANG_WARN_RANGE_LOOP_ANALYSIS = YES;
				CLANG_WARN_STRICT_PROTOTYPES = YES;
				CLANG_WARN_SUSPICIOUS_MOVE = YES;
				CLANG_WARN_UNGUARDED_AVAILABILITY = YES_AGGRESSIVE;
				CLANG_WARN_UNREACHABLE_CODE = YES;
				CLANG_WARN__DUPLICATE_METHOD_MATCH = YES;
				COPY_PHASE_STRIP = NO;
				DEBUG_INFORMATION_FORMAT = dwarf;
				DEVELOPMENT_TEAM = TXT9SX2398;
				ENABLE_STRICT_OBJC_MSGSEND = YES;
				ENABLE_TESTABILITY = YES;
				ENABLE_USER_SCRIPT_SANDBOXING = YES;
				GCC_C_LANGUAGE_STANDARD = gnu17;
				GCC_DYNAMIC_NO_PIC = NO;
				GCC_NO_COMMON_BLOCKS = YES;
				GCC_OPTIMIZATION_LEVEL = 0;
				GCC_PREPROCESSOR_DEFINITIONS = (
					"DEBUG=1",
					"$(inherited)",
				);
				GCC_WARN_64_TO_32_BIT_CONVERSION = YES;
				GCC_WARN_ABOUT_RETURN_TYPE = YES_ERROR;
				GCC_WARN_UNDECLARED_SELECTOR = YES;
				GCC_WARN_UNINITIALIZED_AUTOS = YES_AGGRESSIVE;
				GCC_WARN_UNUSED_FUNCTION = YES;
				GCC_WARN_UNUSED_VARIABLE = YES;
				IPHONEOS_DEPLOYMENT_TARGET = 18.5;
				LOCALIZATION_PREFERS_STRING_CATALOGS = YES;
				MTL_ENABLE_DEBUG_INFO = INCLUDE_SOURCE;
				MTL_FAST_MATH = YES;
				ONLY_ACTIVE_ARCH = YES;
				SDKROOT = iphoneos;
				SWIFT_ACTIVE_COMPILATION_CONDITIONS = "DEBUG $(inherited)";
				SWIFT_OPTIMIZATION_LEVEL = "-Onone";
			};
			name = Debug;
		};
		CD1523A22FC0AD55007C0913 /* Release */ = {
			isa = XCBuildConfiguration;
			buildSettings = {
				ALWAYS_SEARCH_USER_PATHS = NO;
				ASSETCATALOG_COMPILER_GENERATE_SWIFT_ASSET_SYMBOL_EXTENSIONS = YES;
				CLANG_ANALYZER_NONNULL = YES;
				CLANG_ANALYZER_NUMBER_OBJECT_CONVERSION = YES_AGGRESSIVE;
				CLANG_CXX_LANGUAGE_STANDARD = "gnu++20";
				CLANG_ENABLE_MODULES = YES;
				CLANG_ENABLE_OBJC_ARC = YES;
				CLANG_ENABLE_OBJC_WEAK = YES;
				CLANG_WARN_BLOCK_CAPTURE_AUTORELEASING = YES;
				CLANG_WARN_BOOL_CONVERSION = YES;
				CLANG_WARN_COMMA = YES;
				CLANG_WARN_CONSTANT_CONVERSION = YES;
				CLANG_WARN_DEPRECATED_OBJC_IMPLEMENTATIONS = YES;
				CLANG_WARN_DIRECT_OBJC_ISA_USAGE = YES_ERROR;
				CLANG_WARN_DOCUMENTATION_COMMENTS = YES;
				CLANG_WARN_EMPTY_BODY = YES;
				CLANG_WARN_ENUM_CONVERSION = YES;
				CLANG_WARN_INFINITE_RECURSION = YES;
				CLANG_WARN_INT_CONVERSION = YES;
				CLANG_WARN_NON_LITERAL_NULL_CONVERSION = YES;
				CLANG_WARN_OBJC_IMPLICIT_RETAIN_SELF = YES;
				CLANG_WARN_OBJC_LITERAL_CONVERSION = YES;
				CLANG_WARN_OBJC_ROOT_CLASS = YES_ERROR;
				CLANG_WARN_QUOTED_INCLUDE_IN_FRAMEWORK_HEADER = YES;
				CLANG_WARN_RANGE_LOOP_ANALYSIS = YES;
				CLANG_WARN_STRICT_PROTOTYPES = YES;
				CLANG_WARN_SUSPICIOUS_MOVE = YES;
				CLANG_WARN_UNGUARDED_AVAILABILITY = YES_AGGRESSIVE;
				CLANG_WARN_UNREACHABLE_CODE = YES;
				CLANG_WARN__DUPLICATE_METHOD_MATCH = YES;
				COPY_PHASE_STRIP = NO;
				DEBUG_INFORMATION_FORMAT = "dwarf-with-dsym";
				DEVELOPMENT_TEAM = TXT9SX2398;
				ENABLE_NS_ASSERTIONS = NO;
				ENABLE_STRICT_OBJC_MSGSEND = YES;
				ENABLE_USER_SCRIPT_SANDBOXING = YES;
				GCC_C_LANGUAGE_STANDARD = gnu17;
				GCC_NO_COMMON_BLOCKS = YES;
				GCC_WARN_64_TO_32_BIT_CONVERSION = YES;
				GCC_WARN_ABOUT_RETURN_TYPE = YES_ERROR;
				GCC_WARN_UNDECLARED_SELECTOR = YES;
				GCC_WARN_UNINITIALIZED_AUTOS = YES_AGGRESSIVE;
				GCC_WARN_UNUSED_FUNCTION = YES;
				GCC_WARN_UNUSED_VARIABLE = YES;
				IPHONEOS_DEPLOYMENT_TARGET = 18.5;
				LOCALIZATION_PREFERS_STRING_CATALOGS = YES;
				MTL_ENABLE_DEBUG_INFO = NO;
				MTL_FAST_MATH = YES;
				SDKROOT = iphoneos;
				SWIFT_COMPILATION_MODE = wholemodule;
				VALIDATE_PRODUCT = YES;
			};
			name = Release;
		};
		CD1523A42FC0AD55007C0913 /* Debug */ = {
			isa = XCBuildConfiguration;
			buildSettings = {
				ASSETCATALOG_COMPILER_APPICON_NAME = AppIcon;
				ASSETCATALOG_COMPILER_GLOBAL_ACCENT_COLOR_NAME = AccentColor;
				CODE_SIGN_STYLE = Automatic;
				CURRENT_PROJECT_VERSION = 1;
				DEVELOPMENT_TEAM = TXT9SX2398;
				ENABLE_PREVIEWS = YES;
				GENERATE_INFOPLIST_FILE = YES;
				INFOPLIST_KEY_UIApplicationSceneManifest_Generation = YES;
				INFOPLIST_KEY_UIApplicationSupportsIndirectInputEvents = YES;
				INFOPLIST_KEY_UILaunchScreen_Generation = YES;
				INFOPLIST_KEY_UISupportedInterfaceOrientations_iPad = "UIInterfaceOrientationPortrait UIInterfaceOrientationPortraitUpsideDown UIInterfaceOrientationLandscapeLeft UIInterfaceOrientationLandscapeRight";
				INFOPLIST_KEY_UISupportedInterfaceOrientations_iPhone = "UIInterfaceOrientationPortrait UIInterfaceOrientationLandscapeLeft UIInterfaceOrientationLandscapeRight";
				LD_RUNPATH_SEARCH_PATHS = (
					"$(inherited)",
					"@executable_path/Frameworks",
				);
				MARKETING_VERSION = 1.0;
				PRODUCT_BUNDLE_IDENTIFIER = "com.arturo.ScoreTracker-Bugs-";
				PRODUCT_NAME = "$(TARGET_NAME)";
				SWIFT_EMIT_LOC_STRINGS = YES;
				SWIFT_VERSION = 5.0;
				TARGETED_DEVICE_FAMILY = "1,2";
			};
			name = Debug;
		};
		CD1523A52FC0AD55007C0913 /* Release */ = {
			isa = XCBuildConfiguration;
			buildSettings = {
				ASSETCATALOG_COMPILER_APPICON_NAME = AppIcon;
				ASSETCATALOG_COMPILER_GLOBAL_ACCENT_COLOR_NAME = AccentColor;
				CODE_SIGN_STYLE = Automatic;
				CURRENT_PROJECT_VERSION = 1;
				DEVELOPMENT_TEAM = TXT9SX2398;
				ENABLE_PREVIEWS = YES;
				GENERATE_INFOPLIST_FILE = YES;
				INFOPLIST_KEY_UIApplicationSceneManifest_Generation = YES;
				INFOPLIST_KEY_UIApplicationSupportsIndirectInputEvents = YES;
				INFOPLIST_KEY_UILaunchScreen_Generation = YES;
				INFOPLIST_KEY_UISupportedInterfaceOrientations_iPad = "UIInterfaceOrientationPortrait UIInterfaceOrientationPortraitUpsideDown UIInterfaceOrientationLandscapeLeft UIInterfaceOrientationLandscapeRight";
				INFOPLIST_KEY_UISupportedInterfaceOrientations_iPhone = "UIInterfaceOrientationPortrait UIInterfaceOrientationLandscapeLeft UIInterfaceOrientationLandscapeRight";
				LD_RUNPATH_SEARCH_PATHS = (
					"$(inherited)",
					"@executable_path/Frameworks",
				);
				MARKETING_VERSION = 1.0;
				PRODUCT_BUNDLE_IDENTIFIER = "com.arturo.ScoreTracker-Bugs-";
				PRODUCT_NAME = "$(TARGET_NAME)";
				SWIFT_EMIT_LOC_STRINGS = YES;
				SWIFT_VERSION = 5.0;
				TARGETED_DEVICE_FAMILY = "1,2";
			};
			name = Release;
		};
		CD1523A72FC0AD55007C0913 /* Debug */ = {
			isa = XCBuildConfiguration;
			buildSettings = {
				BUNDLE_LOADER = "$(TEST_HOST)";
				CODE_SIGN_STYLE = Automatic;
				CURRENT_PROJECT_VERSION = 1;
				DEVELOPMENT_TEAM = TXT9SX2398;
				GENERATE_INFOPLIST_FILE = YES;
				IPHONEOS_DEPLOYMENT_TARGET = 18.5;
				MARKETING_VERSION = 1.0;
				PRODUCT_BUNDLE_IDENTIFIER = "com.arturo.ScoreTracker-Bugs-Tests";
				PRODUCT_NAME = "$(TARGET_NAME)";
				SWIFT_EMIT_LOC_STRINGS = NO;
				SWIFT_VERSION = 5.0;
				TARGETED_DEVICE_FAMILY = "1,2";
				TEST_HOST = "$(BUILT_PRODUCTS_DIR)/ScoreTracker(Bugs).app/$(BUNDLE_EXECUTABLE_FOLDER_PATH)/ScoreTracker(Bugs)";
			};
			name = Debug;
		};
		CD1523A82FC0AD55007C0913 /* Release */ = {
			isa = XCBuildConfiguration;
			buildSettings = {
				BUNDLE_LOADER = "$(TEST_HOST)";
				CODE_SIGN_STYLE = Automatic;
				CURRENT_PROJECT_VERSION = 1;
				DEVELOPMENT_TEAM = TXT9SX2398;
				GENERATE_INFOPLIST_FILE = YES;
				IPHONEOS_DEPLOYMENT_TARGET = 18.5;
				MARKETING_VERSION = 1.0;
				PRODUCT_BUNDLE_IDENTIFIER = "com.arturo.ScoreTracker-Bugs-Tests";
				PRODUCT_NAME = "$(TARGET_NAME)";
				SWIFT_EMIT_LOC_STRINGS = NO;
				SWIFT_VERSION = 5.0;
				TARGETED_DEVICE_FAMILY = "1,2";
				TEST_HOST = "$(BUILT_PRODUCTS_DIR)/ScoreTracker(Bugs).app/$(BUNDLE_EXECUTABLE_FOLDER_PATH)/ScoreTracker(Bugs)";
			};
			name = Release;
		};
		CD1523AA2FC0AD55007C0913 /* Debug */ = {
			isa = XCBuildConfiguration;
			buildSettings = {
				CODE_SIGN_STYLE = Automatic;
				CURRENT_PROJECT_VERSION = 1;
				DEVELOPMENT_TEAM = TXT9SX2398;
				GENERATE_INFOPLIST_FILE = YES;
				MARKETING_VERSION = 1.0;
				PRODUCT_BUNDLE_IDENTIFIER = "com.arturo.ScoreTracker-Bugs-UITests";
				PRODUCT_NAME = "$(TARGET_NAME)";
				SWIFT_EMIT_LOC_STRINGS = NO;
				SWIFT_VERSION = 5.0;
				TARGETED_DEVICE_FAMILY = "1,2";
				TEST_TARGET_NAME = "ScoreTracker(Bugs)";
			};
			name = Debug;
		};
		CD1523AB2FC0AD55007C0913 /* Release */ = {
			isa = XCBuildConfiguration;
			buildSettings = {
				CODE_SIGN_STYLE = Automatic;
				CURRENT_PROJECT_VERSION = 1;
				DEVELOPMENT_TEAM = TXT9SX2398;
				GENERATE_INFOPLIST_FILE = YES;
				MARKETING_VERSION = 1.0;
				PRODUCT_BUNDLE_IDENTIFIER = "com.arturo.ScoreTracker-Bugs-UITests";
				PRODUCT_NAME = "$(TARGET_NAME)";
				SWIFT_EMIT_LOC_STRINGS = NO;
				SWIFT_VERSION = 5.0;
				TARGETED_DEVICE_FAMILY = "1,2";
				TEST_TARGET_NAME = "ScoreTracker(Bugs)";
			};
			name = Release;
		};
/* End XCBuildConfiguration section */

/* Begin XCConfigurationList section */
		CD15237D2FC0AD53007C0913 /* Build configuration list for PBXProject "ScoreTracker(Bugs)" */ = {
			isa = XCConfigurationList;
			buildConfigurations = (
				CD1523A12FC0AD55007C0913 /* Debug */,
				CD1523A22FC0AD55007C0913 /* Release */,
			);
			defaultConfigurationIsVisible = 0;
			defaultConfigurationName = Release;
		};
		CD1523A32FC0AD55007C0913 /* Build configuration list for PBXNativeTarget "ScoreTracker(Bugs)" */ = {
			isa = XCConfigurationList;
			buildConfigurations = (
				CD1523A42FC0AD55007C0913 /* Debug */,
				CD1523A52FC0AD55007C0913 /* Release */,
			);
			defaultConfigurationIsVisible = 0;
			defaultConfigurationName = Release;
		};
		CD1523A62FC0AD55007C0913 /* Build configuration list for PBXNativeTarget "ScoreTracker(Bugs)Tests" */ = {
			isa = XCConfigurationList;
			buildConfigurations = (
				CD1523A72FC0AD55007C0913 /* Debug */,
				CD1523A82FC0AD55007C0913 /* Release */,
			);
			defaultConfigurationIsVisible = 0;
			defaultConfigurationName = Release;
		};
		CD1523A92FC0AD55007C0913 /* Build configuration list for PBXNativeTarget "ScoreTracker(Bugs)UITests" */ = {
			isa = XCConfigurationList;
			buildConfigurations = (
				CD1523AA2FC0AD55007C0913 /* Debug */,
				CD1523AB2FC0AD55007C0913 /* Release */,
			);
			defaultConfigurationIsVisible = 0;
			defaultConfigurationName = Release;
		};
/* End XCConfigurationList section */
	};
	rootObject = CD15237A2FC0AD53007C0913 /* Project object */;
}
